
Microsoft Visual Studio Solution File, Format Version 12.00
# Visual Studio 2012
Project("{FAE04EC0-301F-11D3-BF4B-00C04F79EFBC}") = "CasperInc.MainSite.Service.Data", "CasperInc.MainSite.Service.Data\CasperInc.MainSite.Service.Data.csproj", "{6E2A7383-291C-4D10-BD2D-8630248A2B43}"
EndProject
Project("{2150E333-8FDC-42A3-9474-1A3956D46DE8}") = "DataTier", "DataTier", "{1F44816C-443C-4D15-A69C-CAA46B6951DA}"
EndProject
Project("{FAE04EC0-301F-11D3-BF4B-00C04F79EFBC}") = "CasperInc.MainSite.Service.WebAPI", "CasperInc.MainSite.Service.WebAPI\CasperInc.MainSite.Service.WebAPI.csproj", "{7EC49E99-EC2E-4D6D-BC7C-F0612F84AFA8}"
EndProject
Global
	GlobalSection(SolutionConfigurationPlatforms) = preSolution
		Debug|Any CPU = Debug|Any CPU
		Release|Any CPU = Release|Any CPU
	EndGlobalSection
	GlobalSection(ProjectConfigurationPlatforms) = postSolution
		{6E2A7383-291C-4D10-BD2D-8630248A2B43}.Debug|Any CPU.ActiveCfg = Debug|Any CPU
		{6E2A7383-291C-4D10-BD2D-8630248A2B43}.Debug|Any CPU.Build.0 = Debug|Any CPU
		{6E2A7383-291C-4D10-BD2D-8630248A2B43}.Release|Any CPU.ActiveCfg = Release|Any CPU
		{6E2A7383-291C-4D10-BD2D-8630248A2B43}.Release|Any CPU.Build.0 = Release|Any CPU
		{7EC49E99-EC2E-4D6D-BC7C-F0612F84AFA8}.Debug|Any CPU.ActiveCfg = Debug|Any CPU
		{7EC49E99-EC2E-4D6D-BC7C-F0612F84AFA8}.Debug|Any CPU.Build.0 = Debug|Any CPU
		{7EC49E99-EC2E-4D6D-BC7C-F0612F84AFA8}.Release|Any CPU.ActiveCfg = Release|Any CPU
		{7EC49E99-EC2E-4D6D-BC7C-F0612F84AFA8}.Release|Any CPU.Build.0 = Release|Any CPU
	EndGlobalSection
	GlobalSection(NestedProjects) = preSolution
		{6E2A7383-291C-4D10-BD2D-8630248A2B43} = {1F44816C-443C-4D15-A69C-CAA46B6951DA}
	EndGlobalSection
EndGlobal
